
Microsoft Visual Studio Solution File, Format Version 12.00
# Visual Studio 15
VisualStudioVersion = 15.0.27130.2024
MinimumVisualStudioVersion = 10.0.40219.1
Project("{FAE04EC0-301F-11D3-BF4B-00C04F79EFBC}") = "AppViva.Android", "AppViva\AppViva.Android\AppViva.Android.csproj", "{260EA97D-2E08-45D8-902F-21D626FE3D13}"
EndProject
Project("{FAE04EC0-301F-11D3-BF4B-00C04F79EFBC}") = "AppViva.iOS", "AppViva\AppViva.iOS\AppViva.iOS.csproj", "{06570045-E26C-4C5F-B2FD-B8A7F0B74842}"
EndProject
Project("{9A19103F-16F7-4668-BE54-9A1E7A4F7556}") = "AppViva", "AppViva\AppViva\AppViva.csproj", "{9B583D50-5428-4A5F-A1FE-ACA6E5DE3C1C}"
EndProject
Project("{2150E333-8FDC-42A3-9474-1A3956D46DE8}") = "Shared", "Shared", "{D01CEE13-71EA-424D-A112-648FB1C4CE36}"
EndProject
Project("{9A19103F-16F7-4668-BE54-9A1E7A4F7556}") = "AppViva.i18n", "AppViva\AppViva.i18n\AppViva.i18n.csproj", "{F722BD90-93EC-4CC4-9B62-260EEB867AF8}"
EndProject
Global
	GlobalSection(SolutionConfigurationPlatforms) = preSolution
		Ad-Hoc|Any CPU = Ad-Hoc|Any CPU
		Ad-Hoc|ARM = Ad-Hoc|ARM
		Ad-Hoc|iPhone = Ad-Hoc|iPhone
		Ad-Hoc|iPhoneSimulator = Ad-Hoc|iPhoneSimulator
		Ad-Hoc|x64 = Ad-Hoc|x64
		Ad-Hoc|x86 = Ad-Hoc|x86
		AppStore|Any CPU = AppStore|Any CPU
		AppStore|ARM = AppStore|ARM
		AppStore|iPhone = AppStore|iPhone
		AppStore|iPhoneSimulator = AppStore|iPhoneSimulator
		AppStore|x64 = AppStore|x64
		AppStore|x86 = AppStore|x86
		Debug|Any CPU = Debug|Any CPU
		Debug|ARM = Debug|ARM
		Debug|iPhone = Debug|iPhone
		Debug|iPhoneSimulator = Debug|iPhoneSimulator
		Debug|x64 = Debug|x64
		Debug|x86 = Debug|x86
		Release|Any CPU = Release|Any CPU
		Release|ARM = Release|ARM
		Release|iPhone = Release|iPhone
		Release|iPhoneSimulator = Release|iPhoneSimulator
		Release|x64 = Release|x64
		Release|x86 = Release|x86
	EndGlobalSection
	GlobalSection(ProjectConfigurationPlatforms) = postSolution
		{260EA97D-2E08-45D8-902F-21D626FE3D13}.Ad-Hoc|Any CPU.ActiveCfg = Release|Any CPU
		{260EA97D-2E08-45D8-902F-21D626FE3D13}.Ad-Hoc|Any CPU.Build.0 = Release|Any CPU
		{260EA97D-2E08-45D8-902F-21D626FE3D13}.Ad-Hoc|Any CPU.Deploy.0 = Release|Any CPU
		{260EA97D-2E08-45D8-902F-21D626FE3D13}.Ad-Hoc|ARM.ActiveCfg = Release|Any CPU
		{260EA97D-2E08-45D8-902F-21D626FE3D13}.Ad-Hoc|ARM.Build.0 = Release|Any CPU
		{260EA97D-2E08-45D8-902F-21D626FE3D13}.Ad-Hoc|ARM.Deploy.0 = Release|Any CPU
		{260EA97D-2E08-45D8-902F-21D626FE3D13}.Ad-Hoc|iPhone.ActiveCfg = Release|Any CPU
		{260EA97D-2E08-45D8-902F-21D626FE3D13}.Ad-Hoc|iPhone.Build.0 = Release|Any CPU
		{260EA97D-2E08-45D8-902F-21D626FE3D13}.Ad-Hoc|iPhone.Deploy.0 = Release|Any CPU
		{260EA97D-2E08-45D8-902F-21D626FE3D13}.Ad-Hoc|iPhoneSimulator.ActiveCfg = Release|Any CPU
		{260EA97D-2E08-45D8-902F-21D626FE3D13}.Ad-Hoc|iPhoneSimulator.Build.0 = Release|Any CPU
		{260EA97D-2E08-45D8-902F-21D626FE3D13}.Ad-Hoc|iPhoneSimulator.Deploy.0 = Release|Any CPU
		{260EA97D-2E08-45D8-902F-21D626FE3D13}.Ad-Hoc|x64.ActiveCfg = Release|Any CPU
		{260EA97D-2E08-45D8-902F-21D626FE3D13}.Ad-Hoc|x64.Build.0 = Release|Any CPU
		{260EA97D-2E08-45D8-902F-21D626FE3D13}.Ad-Hoc|x64.Deploy.0 = Release|Any CPU
		{260EA97D-2E08-45D8-902F-21D626FE3D13}.Ad-Hoc|x86.ActiveCfg = Release|Any CPU
		{260EA97D-2E08-45D8-902F-21D626FE3D13}.Ad-Hoc|x86.Build.0 = Release|Any CPU
		{260EA97D-2E08-45D8-902F-21D626FE3D13}.Ad-Hoc|x86.Deploy.0 = Release|Any CPU
		{260EA97D-2E08-45D8-902F-21D626FE3D13}.AppStore|Any CPU.ActiveCfg = Release|Any CPU
		{260EA97D-2E08-45D8-902F-21D626FE3D13}.AppStore|ARM.ActiveCfg = Release|Any CPU
		{260EA97D-2E08-45D8-902F-21D626FE3D13}.AppStore|ARM.Build.0 = Release|Any CPU
		{260EA97D-2E08-45D8-902F-21D626FE3D13}.AppStore|ARM.Deploy.0 = Release|Any CPU
		{260EA97D-2E08-45D8-902F-21D626FE3D13}.AppStore|iPhone.ActiveCfg = Release|Any CPU
		{260EA97D-2E08-45D8-902F-21D626FE3D13}.AppStore|iPhone.Build.0 = Release|Any CPU
		{260EA97D-2E08-45D8-902F-21D626FE3D13}.AppStore|iPhone.Deploy.0 = Release|Any CPU
		{260EA97D-2E08-45D8-902F-21D626FE3D13}.AppStore|iPhoneSimulator.ActiveCfg = Release|Any CPU
		{260EA97D-2E08-45D8-902F-21D626FE3D13}.AppStore|iPhoneSimulator.Build.0 = Release|Any CPU
		{260EA97D-2E08-45D8-902F-21D626FE3D13}.AppStore|iPhoneSimulator.Deploy.0 = Release|Any CPU
		{260EA97D-2E08-45D8-902F-21D626FE3D13}.AppStore|x64.ActiveCfg = Release|Any CPU
		{260EA97D-2E08-45D8-902F-21D626FE3D13}.AppStore|x64.Build.0 = Release|Any CPU
		{260EA97D-2E08-45D8-902F-21D626FE3D13}.AppStore|x64.Deploy.0 = Release|Any CPU
		{260EA97D-2E08-45D8-902F-21D626FE3D13}.AppStore|x86.ActiveCfg = Release|Any CPU
		{260EA97D-2E08-45D8-902F-21D626FE3D13}.AppStore|x86.Build.0 = Release|Any CPU
		{260EA97D-2E08-45D8-902F-21D626FE3D13}.AppStore|x86.Deploy.0 = Release|Any CPU
		{260EA97D-2E08-45D8-902F-21D626FE3D13}.Debug|Any CPU.ActiveCfg = Debug|Any CPU
		{260EA97D-2E08-45D8-902F-21D626FE3D13}.Debug|Any CPU.Build.0 = Debug|Any CPU
		{260EA97D-2E08-45D8-902F-21D626FE3D13}.Debug|Any CPU.Deploy.0 = Debug|Any CPU
		{260EA97D-2E08-45D8-902F-21D626FE3D13}.Debug|ARM.ActiveCfg = Debug|Any CPU
		{260EA97D-2E08-45D8-902F-21D626FE3D13}.Debug|ARM.Build.0 = Debug|Any CPU
		{260EA97D-2E08-45D8-902F-21D626FE3D13}.Debug|ARM.Deploy.0 = Debug|Any CPU
		{260EA97D-2E08-45D8-902F-21D626FE3D13}.Debug|iPhone.ActiveCfg = Debug|Any CPU
		{260EA97D-2E08-45D8-902F-21D626FE3D13}.Debug|iPhone.Build.0 = Debug|Any CPU
		{260EA97D-2E08-45D8-902F-21D626FE3D13}.Debug|iPhone.Deploy.0 = Debug|Any CPU
		{260EA97D-2E08-45D8-902F-21D626FE3D13}.Debug|iPhoneSimulator.ActiveCfg = Debug|Any CPU
		{260EA97D-2E08-45D8-902F-21D626FE3D13}.Debug|iPhoneSimulator.Build.0 = Debug|Any CPU
		{260EA97D-2E08-45D8-902F-21D626FE3D13}.Debug|iPhoneSimulator.Deploy.0 = Debug|Any CPU
		{260EA97D-2E08-45D8-902F-21D626FE3D13}.Debug|x64.ActiveCfg = Debug|Any CPU
		{260EA97D-2E08-45D8-902F-21D626FE3D13}.Debug|x64.Build.0 = Debug|Any CPU
		{260EA97D-2E08-45D8-902F-21D626FE3D13}.Debug|x64.Deploy.0 = Debug|Any CPU
		{260EA97D-2E08-45D8-902F-21D626FE3D13}.Debug|x86.ActiveCfg = Debug|Any CPU
		{260EA97D-2E08-45D8-902F-21D626FE3D13}.Debug|x86.Build.0 = Debug|Any CPU
		{260EA97D-2E08-45D8-902F-21D626FE3D13}.Debug|x86.Deploy.0 = Debug|Any CPU
		{260EA97D-2E08-45D8-902F-21D626FE3D13}.Release|Any CPU.ActiveCfg = Release|Any CPU
		{260EA97D-2E08-45D8-902F-21D626FE3D13}.Release|Any CPU.Build.0 = Release|Any CPU
		{260EA97D-2E08-45D8-902F-21D626FE3D13}.Release|Any CPU.Deploy.0 = Release|Any CPU
		{260EA97D-2E08-45D8-902F-21D626FE3D13}.Release|ARM.ActiveCfg = Release|Any CPU
		{260EA97D-2E08-45D8-902F-21D626FE3D13}.Release|ARM.Build.0 = Release|Any CPU
		{260EA97D-2E08-45D8-902F-21D626FE3D13}.Release|ARM.Deploy.0 = Release|Any CPU
		{260EA97D-2E08-45D8-902F-21D626FE3D13}.Release|iPhone.ActiveCfg = Release|Any CPU
		{260EA97D-2E08-45D8-902F-21D626FE3D13}.Release|iPhone.Build.0 = Release|Any CPU
		{260EA97D-2E08-45D8-902F-21D626FE3D13}.Release|iPhone.Deploy.0 = Release|Any CPU
		{260EA97D-2E08-45D8-902F-21D626FE3D13}.Release|iPhoneSimulator.ActiveCfg = Release|Any CPU
		{260EA97D-2E08-45D8-902F-21D626FE3D13}.Release|x64.ActiveCfg = Release|Any CPU
		{260EA97D-2E08-45D8-902F-21D626FE3D13}.Release|x64.Build.0 = Release|Any CPU
		{260EA97D-2E08-45D8-902F-21D626FE3D13}.Release|x64.Deploy.0 = Release|Any CPU
		{260EA97D-2E08-45D8-902F-21D626FE3D13}.Release|x86.ActiveCfg = Release|Any CPU
		{260EA97D-2E08-45D8-902F-21D626FE3D13}.Release|x86.Build.0 = Release|Any CPU
		{260EA97D-2E08-45D8-902F-21D626FE3D13}.Release|x86.Deploy.0 = Release|Any CPU
		{06570045-E26C-4C5F-B2FD-B8A7F0B74842}.Ad-Hoc|Any CPU.ActiveCfg = Ad-Hoc|iPhone
		{06570045-E26C-4C5F-B2FD-B8A7F0B74842}.Ad-Hoc|ARM.ActiveCfg = Ad-Hoc|iPhone
		{06570045-E26C-4C5F-B2FD-B8A7F0B74842}.Ad-Hoc|iPhone.ActiveCfg = Ad-Hoc|iPhone
		{06570045-E26C-4C5F-B2FD-B8A7F0B74842}.Ad-Hoc|iPhone.Build.0 = Ad-Hoc|iPhone
		{06570045-E26C-4C5F-B2FD-B8A7F0B74842}.Ad-Hoc|iPhoneSimulator.ActiveCfg = Ad-Hoc|iPhoneSimulator
		{06570045-E26C-4C5F-B2FD-B8A7F0B74842}.Ad-Hoc|iPhoneSimulator.Build.0 = Ad-Hoc|iPhoneSimulator
		{06570045-E26C-4C5F-B2FD-B8A7F0B74842}.Ad-Hoc|x64.ActiveCfg = Ad-Hoc|iPhone
		{06570045-E26C-4C5F-B2FD-B8A7F0B74842}.Ad-Hoc|x86.ActiveCfg = Ad-Hoc|iPhone
		{06570045-E26C-4C5F-B2FD-B8A7F0B74842}.AppStore|Any CPU.ActiveCfg = AppStore|iPhone
		{06570045-E26C-4C5F-B2FD-B8A7F0B74842}.AppStore|Any CPU.Build.0 = AppStore|iPhone
		{06570045-E26C-4C5F-B2FD-B8A7F0B74842}.AppStore|ARM.ActiveCfg = AppStore|iPhone
		{06570045-E26C-4C5F-B2FD-B8A7F0B74842}.AppStore|iPhone.ActiveCfg = AppStore|iPhone
		{06570045-E26C-4C5F-B2FD-B8A7F0B74842}.AppStore|iPhone.Build.0 = AppStore|iPhone
		{06570045-E26C-4C5F-B2FD-B8A7F0B74842}.AppStore|iPhoneSimulator.ActiveCfg = AppStore|iPhoneSimulator
		{06570045-E26C-4C5F-B2FD-B8A7F0B74842}.AppStore|iPhoneSimulator.Build.0 = AppStore|iPhoneSimulator
		{06570045-E26C-4C5F-B2FD-B8A7F0B74842}.AppStore|x64.ActiveCfg = AppStore|iPhone
		{06570045-E26C-4C5F-B2FD-B8A7F0B74842}.AppStore|x86.ActiveCfg = AppStore|iPhone
		{06570045-E26C-4C5F-B2FD-B8A7F0B74842}.Debug|Any CPU.ActiveCfg = Debug|iPhone
		{06570045-E26C-4C5F-B2FD-B8A7F0B74842}.Debug|ARM.ActiveCfg = Debug|iPhone
		{06570045-E26C-4C5F-B2FD-B8A7F0B74842}.Debug|iPhone.ActiveCfg = Debug|iPhone
		{06570045-E26C-4C5F-B2FD-B8A7F0B74842}.Debug|iPhone.Build.0 = Debug|iPhone
		{06570045-E26C-4C5F-B2FD-B8A7F0B74842}.Debug|iPhoneSimulator.ActiveCfg = Debug|iPhoneSimulator
		{06570045-E26C-4C5F-B2FD-B8A7F0B74842}.Debug|iPhoneSimulator.Build.0 = Debug|iPhoneSimulator
		{06570045-E26C-4C5F-B2FD-B8A7F0B74842}.Debug|x64.ActiveCfg = Debug|iPhone
		{06570045-E26C-4C5F-B2FD-B8A7F0B74842}.Debug|x86.ActiveCfg = Debug|iPhone
		{06570045-E26C-4C5F-B2FD-B8A7F0B74842}.Release|Any CPU.ActiveCfg = Release|iPhone
		{06570045-E26C-4C5F-B2FD-B8A7F0B74842}.Release|ARM.ActiveCfg = Release|iPhone
		{06570045-E26C-4C5F-B2FD-B8A7F0B74842}.Release|iPhone.ActiveCfg = Release|iPhone
		{06570045-E26C-4C5F-B2FD-B8A7F0B74842}.Release|iPhone.Build.0 = Release|iPhone
		{06570045-E26C-4C5F-B2FD-B8A7F0B74842}.Release|iPhoneSimulator.ActiveCfg = Release|iPhoneSimulator
		{06570045-E26C-4C5F-B2FD-B8A7F0B74842}.Release|iPhoneSimulator.Build.0 = Release|iPhoneSimulator
		{06570045-E26C-4C5F-B2FD-B8A7F0B74842}.Release|x64.ActiveCfg = Release|iPhone
		{06570045-E26C-4C5F-B2FD-B8A7F0B74842}.Release|x86.ActiveCfg = Release|iPhone
		{9B583D50-5428-4A5F-A1FE-ACA6E5DE3C1C}.Ad-Hoc|Any CPU.ActiveCfg = Debug|Any CPU
		{9B583D50-5428-4A5F-A1FE-ACA6E5DE3C1C}.Ad-Hoc|Any CPU.Build.0 = Debug|Any CPU
		{9B583D50-5428-4A5F-A1FE-ACA6E5DE3C1C}.Ad-Hoc|ARM.ActiveCfg = Debug|Any CPU
		{9B583D50-5428-4A5F-A1FE-ACA6E5DE3C1C}.Ad-Hoc|ARM.Build.0 = Debug|Any CPU
		{9B583D50-5428-4A5F-A1FE-ACA6E5DE3C1C}.Ad-Hoc|iPhone.ActiveCfg = Debug|Any CPU
		{9B583D50-5428-4A5F-A1FE-ACA6E5DE3C1C}.Ad-Hoc|iPhone.Build.0 = Debug|Any CPU
		{9B583D50-5428-4A5F-A1FE-ACA6E5DE3C1C}.Ad-Hoc|iPhoneSimulator.ActiveCfg = Debug|Any CPU
		{9B583D50-5428-4A5F-A1FE-ACA6E5DE3C1C}.Ad-Hoc|iPhoneSimulator.Build.0 = Debug|Any CPU
		{9B583D50-5428-4A5F-A1FE-ACA6E5DE3C1C}.Ad-Hoc|x64.ActiveCfg = Debug|Any CPU
		{9B583D50-5428-4A5F-A1FE-ACA6E5DE3C1C}.Ad-Hoc|x64.Build.0 = Debug|Any CPU
		{9B583D50-5428-4A5F-A1FE-ACA6E5DE3C1C}.Ad-Hoc|x86.ActiveCfg = Debug|Any CPU
		{9B583D50-5428-4A5F-A1FE-ACA6E5DE3C1C}.Ad-Hoc|x86.Build.0 = Debug|Any CPU
		{9B583D50-5428-4A5F-A1FE-ACA6E5DE3C1C}.AppStore|Any CPU.ActiveCfg = Debug|Any CPU
		{9B583D50-5428-4A5F-A1FE-ACA6E5DE3C1C}.AppStore|Any CPU.Build.0 = Debug|Any CPU
		{9B583D50-5428-4A5F-A1FE-ACA6E5DE3C1C}.AppStore|ARM.ActiveCfg = Debug|Any CPU
		{9B583D50-5428-4A5F-A1FE-ACA6E5DE3C1C}.AppStore|ARM.Build.0 = Debug|Any CPU
		{9B583D50-5428-4A5F-A1FE-ACA6E5DE3C1C}.AppStore|iPhone.ActiveCfg = Debug|Any CPU
		{9B583D50-5428-4A5F-A1FE-ACA6E5DE3C1C}.AppStore|iPhone.Build.0 = Debug|Any CPU
		{9B583D50-5428-4A5F-A1FE-ACA6E5DE3C1C}.AppStore|iPhoneSimulator.ActiveCfg = Debug|Any CPU
		{9B583D50-5428-4A5F-A1FE-ACA6E5DE3C1C}.AppStore|iPhoneSimulator.Build.0 = Debug|Any CPU
		{9B583D50-5428-4A5F-A1FE-ACA6E5DE3C1C}.AppStore|x64.ActiveCfg = Debug|Any CPU
		{9B583D50-5428-4A5F-A1FE-ACA6E5DE3C1C}.AppStore|x64.Build.0 = Debug|Any CPU
		{9B583D50-5428-4A5F-A1FE-ACA6E5DE3C1C}.AppStore|x86.ActiveCfg = Debug|Any CPU
		{9B583D50-5428-4A5F-A1FE-ACA6E5DE3C1C}.AppStore|x86.Build.0 = Debug|Any CPU
		{9B583D50-5428-4A5F-A1FE-ACA6E5DE3C1C}.Debug|Any CPU.ActiveCfg = Debug|Any CPU
		{9B583D50-5428-4A5F-A1FE-ACA6E5DE3C1C}.Debug|Any CPU.Build.0 = Debug|Any CPU
		{9B583D50-5428-4A5F-A1FE-ACA6E5DE3C1C}.Debug|ARM.ActiveCfg = Debug|Any CPU
		{9B583D50-5428-4A5F-A1FE-ACA6E5DE3C1C}.Debug|ARM.Build.0 = Debug|Any CPU
		{9B583D50-5428-4A5F-A1FE-ACA6E5DE3C1C}.Debug|iPhone.ActiveCfg = Debug|Any CPU
		{9B583D50-5428-4A5F-A1FE-ACA6E5DE3C1C}.Debug|iPhone.Build.0 = Debug|Any CPU
		{9B583D50-5428-4A5F-A1FE-ACA6E5DE3C1C}.Debug|iPhoneSimulator.ActiveCfg = Debug|Any CPU
		{9B583D50-5428-4A5F-A1FE-ACA6E5DE3C1C}.Debug|iPhoneSimulator.Build.0 = Debug|Any CPU
		{9B583D50-5428-4A5F-A1FE-ACA6E5DE3C1C}.Debug|x64.ActiveCfg = Debug|Any CPU
		{9B583D50-5428-4A5F-A1FE-ACA6E5DE3C1C}.Debug|x64.Build.0 = Debug|Any CPU
		{9B583D50-5428-4A5F-A1FE-ACA6E5DE3C1C}.Debug|x86.ActiveCfg = Debug|Any CPU
		{9B583D50-5428-4A5F-A1FE-ACA6E5DE3C1C}.Debug|x86.Build.0 = Debug|Any CPU
		{9B583D50-5428-4A5F-A1FE-ACA6E5DE3C1C}.Release|Any CPU.ActiveCfg = Release|Any CPU
		{9B583D50-5428-4A5F-A1FE-ACA6E5DE3C1C}.Release|Any CPU.Build.0 = Release|Any CPU
		{9B583D50-5428-4A5F-A1FE-ACA6E5DE3C1C}.Release|ARM.ActiveCfg = Release|Any CPU
		{9B583D50-5428-4A5F-A1FE-ACA6E5DE3C1C}.Release|ARM.Build.0 = Release|Any CPU
		{9B583D50-5428-4A5F-A1FE-ACA6E5DE3C1C}.Release|iPhone.ActiveCfg = Release|Any CPU
		{9B583D50-5428-4A5F-A1FE-ACA6E5DE3C1C}.Release|iPhone.Build.0 = Release|Any CPU
		{9B583D50-5428-4A5F-A1FE-ACA6E5DE3C1C}.Release|iPhoneSimulator.ActiveCfg = Release|Any CPU
		{9B583D50-5428-4A5F-A1FE-ACA6E5DE3C1C}.Release|iPhoneSimulator.Build.0 = Release|Any CPU
		{9B583D50-5428-4A5F-A1FE-ACA6E5DE3C1C}.Release|x64.ActiveCfg = Release|Any CPU
		{9B583D50-5428-4A5F-A1FE-ACA6E5DE3C1C}.Release|x64.Build.0 = Release|Any CPU
		{9B583D50-5428-4A5F-A1FE-ACA6E5DE3C1C}.Release|x86.ActiveCfg = Release|Any CPU
		{9B583D50-5428-4A5F-A1FE-ACA6E5DE3C1C}.Release|x86.Build.0 = Release|Any CPU
		{F722BD90-93EC-4CC4-9B62-260EEB867AF8}.Ad-Hoc|Any CPU.ActiveCfg = Debug|Any CPU
		{F722BD90-93EC-4CC4-9B62-260EEB867AF8}.Ad-Hoc|Any CPU.Build.0 = Debug|Any CPU
		{F722BD90-93EC-4CC4-9B62-260EEB867AF8}.Ad-Hoc|ARM.ActiveCfg = Debug|Any CPU
		{F722BD90-93EC-4CC4-9B62-260EEB867AF8}.Ad-Hoc|ARM.Build.0 = Debug|Any CPU
		{F722BD90-93EC-4CC4-9B62-260EEB867AF8}.Ad-Hoc|iPhone.ActiveCfg = Debug|Any CPU
		{F722BD90-93EC-4CC4-9B62-260EEB867AF8}.Ad-Hoc|iPhone.Build.0 = Debug|Any CPU
		{F722BD90-93EC-4CC4-9B62-260EEB867AF8}.Ad-Hoc|iPhoneSimulator.ActiveCfg = Debug|Any CPU
		{F722BD90-93EC-4CC4-9B62-260EEB867AF8}.Ad-Hoc|iPhoneSimulator.Build.0 = Debug|Any CPU
		{F722BD90-93EC-4CC4-9B62-260EEB867AF8}.Ad-Hoc|x64.ActiveCfg = Debug|Any CPU
		{F722BD90-93EC-4CC4-9B62-260EEB867AF8}.Ad-Hoc|x64.Build.0 = Debug|Any CPU
		{F722BD90-93EC-4CC4-9B62-260EEB867AF8}.Ad-Hoc|x86.ActiveCfg = Debug|Any CPU
		{F722BD90-93EC-4CC4-9B62-260EEB867AF8}.Ad-Hoc|x86.Build.0 = Debug|Any CPU
		{F722BD90-93EC-4CC4-9B62-260EEB867AF8}.AppStore|Any CPU.ActiveCfg = Debug|Any CPU
		{F722BD90-93EC-4CC4-9B62-260EEB867AF8}.AppStore|Any CPU.Build.0 = Debug|Any CPU
		{F722BD90-93EC-4CC4-9B62-260EEB867AF8}.AppStore|ARM.ActiveCfg = Debug|Any CPU
		{F722BD90-93EC-4CC4-9B62-260EEB867AF8}.AppStore|ARM.Build.0 = Debug|Any CPU
		{F722BD90-93EC-4CC4-9B62-260EEB867AF8}.AppStore|iPhone.ActiveCfg = Debug|Any CPU
		{F722BD90-93EC-4CC4-9B62-260EEB867AF8}.AppStore|iPhone.Build.0 = Debug|Any CPU
		{F722BD90-93EC-4CC4-9B62-260EEB867AF8}.AppStore|iPhoneSimulator.ActiveCfg = Debug|Any CPU
		{F722BD90-93EC-4CC4-9B62-260EEB867AF8}.AppStore|iPhoneSimulator.Build.0 = Debug|Any CPU
		{F722BD90-93EC-4CC4-9B62-260EEB867AF8}.AppStore|x64.ActiveCfg = Debug|Any CPU
		{F722BD90-93EC-4CC4-9B62-260EEB867AF8}.AppStore|x64.Build.0 = Debug|Any CPU
		{F722BD90-93EC-4CC4-9B62-260EEB867AF8}.AppStore|x86.ActiveCfg = Debug|Any CPU
		{F722BD90-93EC-4CC4-9B62-260EEB867AF8}.AppStore|x86.Build.0 = Debug|Any CPU
		{F722BD90-93EC-4CC4-9B62-260EEB867AF8}.Debug|Any CPU.ActiveCfg = Debug|Any CPU
		{F722BD90-93EC-4CC4-9B62-260EEB867AF8}.Debug|Any CPU.Build.0 = Debug|Any CPU
		{F722BD90-93EC-4CC4-9B62-260EEB867AF8}.Debug|ARM.ActiveCfg = Debug|Any CPU
		{F722BD90-93EC-4CC4-9B62-260EEB867AF8}.Debug|ARM.Build.0 = Debug|Any CPU
		{F722BD90-93EC-4CC4-9B62-260EEB867AF8}.Debug|iPhone.ActiveCfg = Debug|Any CPU
		{F722BD90-93EC-4CC4-9B62-260EEB867AF8}.Debug|iPhone.Build.0 = Debug|Any CPU
		{F722BD90-93EC-4CC4-9B62-260EEB867AF8}.Debug|iPhoneSimulator.ActiveCfg = Debug|Any CPU
		{F722BD90-93EC-4CC4-9B62-260EEB867AF8}.Debug|iPhoneSimulator.Build.0 = Debug|Any CPU
		{F722BD90-93EC-4CC4-9B62-260EEB867AF8}.Debug|x64.ActiveCfg = Debug|Any CPU
		{F722BD90-93EC-4CC4-9B62-260EEB867AF8}.Debug|x64.Build.0 = Debug|Any CPU
		{F722BD90-93EC-4CC4-9B62-260EEB867AF8}.Debug|x86.ActiveCfg = Debug|Any CPU
		{F722BD90-93EC-4CC4-9B62-260EEB867AF8}.Debug|x86.Build.0 = Debug|Any CPU
		{F722BD90-93EC-4CC4-9B62-260EEB867AF8}.Release|Any CPU.ActiveCfg = Release|Any CPU
		{F722BD90-93EC-4CC4-9B62-260EEB867AF8}.Release|Any CPU.Build.0 = Release|Any CPU
		{F722BD90-93EC-4CC4-9B62-260EEB867AF8}.Release|ARM.ActiveCfg = Release|Any CPU
		{F722BD90-93EC-4CC4-9B62-260EEB867AF8}.Release|ARM.Build.0 = Release|Any CPU
		{F722BD90-93EC-4CC4-9B62-260EEB867AF8}.Release|iPhone.ActiveCfg = Release|Any CPU
		{F722BD90-93EC-4CC4-9B62-260EEB867AF8}.Release|iPhone.Build.0 = Release|Any CPU
		{F722BD90-93EC-4CC4-9B62-260EEB867AF8}.Release|iPhoneSimulator.ActiveCfg = Release|Any CPU
		{F722BD90-93EC-4CC4-9B62-260EEB867AF8}.Release|iPhoneSimulator.Build.0 = Release|Any CPU
		{F722BD90-93EC-4CC4-9B62-260EEB867AF8}.Release|x64.ActiveCfg = Release|Any CPU
		{F722BD90-93EC-4CC4-9B62-260EEB867AF8}.Release|x64.Build.0 = Release|Any CPU
		{F722BD90-93EC-4CC4-9B62-260EEB867AF8}.Release|x86.ActiveCfg = Release|Any CPU
		{F722BD90-93EC-4CC4-9B62-260EEB867AF8}.Release|x86.Build.0 = Release|Any CPU
	EndGlobalSection
	GlobalSection(SolutionProperties) = preSolution
		HideSolutionNode = FALSE
	EndGlobalSection
	GlobalSection(NestedProjects) = preSolution
		{9B583D50-5428-4A5F-A1FE-ACA6E5DE3C1C} = {D01CEE13-71EA-424D-A112-648FB1C4CE36}
		{F722BD90-93EC-4CC4-9B62-260EEB867AF8} = {D01CEE13-71EA-424D-A112-648FB1C4CE36}
	EndGlobalSection
	GlobalSection(ExtensibilityGlobals) = postSolution
		SolutionGuid = {CA9FCA3D-A5F2-4EFB-B196-FE7E792522C1}
	EndGlobalSection
EndGlobal
